
Microsoft Visual Studio Solution File, Format Version 12.00
# Visual Studio 2015
Project("{FAE04EC0-301F-11D3-BF4B-00C04F79EFBC}") = "DXBall.CSharp", "DXBall.CSharp.csproj", "{89A09C8E-B145-6D93-F963-5124D1F5D1B3}"
EndProject
Global
	GlobalSection(SolutionConfigurationPlatforms) = preSolution
		Debug|Any CPU = Debug|Any CPU
		Release|Any CPU = Release|Any CPU
	EndGlobalSection
	GlobalSection(ProjectConfigurationPlatforms) = postSolution
		{89A09C8E-B145-6D93-F963-5124D1F5D1B3}.Debug|Any CPU.ActiveCfg = Debug|Any CPU
		{89A09C8E-B145-6D93-F963-5124D1F5D1B3}.Debug|Any CPU.Build.0 = Debug|Any CPU
		{89A09C8E-B145-6D93-F963-5124D1F5D1B3}.Release|Any CPU.ActiveCfg = Release|Any CPU
		{89A09C8E-B145-6D93-F963-5124D1F5D1B3}.Release|Any CPU.Build.0 = Release|Any CPU
	EndGlobalSection
	GlobalSection(SolutionProperties) = preSolution
		HideSolutionNode = FALSE
	EndGlobalSection
EndGlobal
